<?xml version="1.0" encoding="utf-8"?>
<Project ToolsVersion="4.0" xmlns="http://schemas.microsoft.com/developer/msbuild/2003">
  <ItemGroup>
    <ClCompile Include="main.cpp" />
    <ClCompile Include="..\imgui\imgui.cpp">
      <Filter>libs\imgui</Filter>
    </ClCompile>
    <ClCompile Include="..\imgui\imgui_demo.cpp">
      <Filter>libs\imgui</Filter>
    </ClCompile>
    <ClCompile Include="..\imgui\imgui_draw.cpp">
      <Filter>libs\imgui</Filter>
    </ClCompile>
    <ClCompile Include="libs\gl3w\GL\gl3w.c">
      <Filter>libs\gl3w</Filter>
    </ClCompile>
    <ClCompile Include="imgui_impl_sdl_gl3.cpp" />
    <ClCompile Include="SeqProject.cpp">
      <Filter>data</Filter>
    </ClCompile>
    <ClCompile Include="SeqChannel.cpp">
      <Filter>data</Filter>
    </ClCompile>
    <ClCompile Include="SeqUISequencer.cpp">
      <Filter>ui</Filter>
    </ClCompile>
    <ClCompile Include="SeqUILibrary.cpp">
      <Filter>ui</Filter>
    </ClCompile>
    <ClCompile Include="SeqLibrary.cpp">
      <Filter>data</Filter>
    </ClCompile>
    <ClCompile Include="SeqString.cpp">
      <Filter>sys\util</Filter>
    </ClCompile>
    <ClCompile Include="SeqPath.cpp">
      <Filter>sys\util</Filter>
    </ClCompile>
    <ClCompile Include="SeqDialogs.cpp">
      <Filter>ui</Filter>
    </ClCompile>
    <ClCompile Include="SeqSerializerBin.cpp">
      <Filter>sys\serializer</Filter>
    </ClCompile>
    <ClCompile Include="SeqDecoder.cpp">
      <Filter>sys\video</Filter>
    </ClCompile>
    <ClCompile Include="SeqWorkerManager.cpp">
      <Filter>sys\worker</Filter>
    </ClCompile>
    <ClCompile Include="SeqWorker.cpp">
      <Filter>sys\worker</Filter>
    </ClCompile>
    <ClCompile Include="SeqTaskReadVideoInfo.cpp">
      <Filter>sys\task</Filter>
    </ClCompile>
    <ClCompile Include="SeqVideoInfo.cpp">
      <Filter>sys\video</Filter>
    </ClCompile>
  </ItemGroup>
  <ItemGroup>
    <ClInclude Include="..\imgui\imconfig.h">
      <Filter>libs\imgui</Filter>
    </ClInclude>
    <ClInclude Include="..\imgui\imgui.h">
      <Filter>libs\imgui</Filter>
    </ClInclude>
    <ClInclude Include="..\imgui\imgui_internal.h">
      <Filter>libs\imgui</Filter>
    </ClInclude>
    <ClInclude Include="libs\gl3w\GL\gl3w.h">
      <Filter>libs\gl3w</Filter>
    </ClInclude>
    <ClInclude Include="libs\gl3w\GL\glcorearb.h">
      <Filter>libs\gl3w</Filter>
    </ClInclude>
    <ClInclude Include="imgui_impl_sdl_gl3.h" />
    <ClInclude Include="decoder.h" />
    <ClInclude Include="SeqProject.h">
      <Filter>data</Filter>
    </ClInclude>
    <ClInclude Include="SeqChannel.h">
      <Filter>data</Filter>
    </ClInclude>
    <ClInclude Include="SeqList.h">
      <Filter>sys\util</Filter>
    </ClInclude>
    <ClInclude Include="SeqListImpl.h">
      <Filter>sys\util</Filter>
    </ClInclude>
    <ClInclude Include="SeqUISequencer.h">
      <Filter>ui</Filter>
    </ClInclude>
    <ClInclude Include="SeqAction.h">
      <Filter>sys\action</Filter>
    </ClInclude>
    <ClInclude Include="libs\dirent\dirent.h">
      <Filter>libs\dirent</Filter>
    </ClInclude>
    <ClInclude Include="SeqUILibrary.h">
      <Filter>ui</Filter>
    </ClInclude>
    <ClInclude Include="SeqLibrary.h">
      <Filter>data</Filter>
    </ClInclude>
    <ClInclude Include="SeqString.h">
      <Filter>sys\util</Filter>
    </ClInclude>
    <ClInclude Include="SeqUtils.h">
      <Filter>sys\util</Filter>
    </ClInclude>
    <ClInclude Include="SeqPath.h">
      <Filter>sys\util</Filter>
    </ClInclude>
    <ClInclude Include="SeqDialogs.h">
      <Filter>ui</Filter>
    </ClInclude>
    <ClInclude Include="SeqProjectHeaders.h">
      <Filter>data</Filter>
    </ClInclude>
    <ClInclude Include="SeqSerializerBin.h">
      <Filter>sys\serializer</Filter>
    </ClInclude>
    <ClInclude Include="SeqSerializer.h">
      <Filter>sys\serializer</Filter>
    </ClInclude>
    <ClInclude Include="SeqActionFactory.h">
      <Filter>sys\action</Filter>
    </ClInclude>
    <ClInclude Include="SeqDecoder.h">
      <Filter>sys\video</Filter>
    </ClInclude>
    <ClInclude Include="SeqWorkerManager.h">
      <Filter>sys\worker</Filter>
    </ClInclude>
    <ClInclude Include="SeqWorker.h">
      <Filter>sys\worker</Filter>
    </ClInclude>
    <ClInclude Include="SeqWorkerTask.h">
      <Filter>sys\worker</Filter>
    </ClInclude>
    <ClInclude Include="SeqTaskReadVideoInfo.h">
      <Filter>sys\task</Filter>
    </ClInclude>
    <ClInclude Include="SeqVideoInfo.h">
      <Filter>sys\video</Filter>
    </ClInclude>
  </ItemGroup>
  <ItemGroup>
    <None Include="..\README.txt" />
  </ItemGroup>
  <ItemGroup>
    <Filter Include="data">
      <UniqueIdentifier>{417cdf94-0cdf-4885-bdcc-48cc4f21ec0c}</UniqueIdentifier>
    </Filter>
    <Filter Include="ui">
      <UniqueIdentifier>{2988c913-3f6c-47d0-b0e3-c012df5ed5c6}</UniqueIdentifier>
    </Filter>
    <Filter Include="libs">
      <UniqueIdentifier>{cce33654-f44c-4866-9469-1ed945854e05}</UniqueIdentifier>
    </Filter>
    <Filter Include="libs\dirent">
      <UniqueIdentifier>{836603e7-a634-4aa2-92df-1932b590584f}</UniqueIdentifier>
    </Filter>
    <Filter Include="libs\imgui">
      <UniqueIdentifier>{4223db68-66f8-4b64-b297-46ec6e87d3ab}</UniqueIdentifier>
    </Filter>
    <Filter Include="libs\gl3w">
      <UniqueIdentifier>{d0ec9ead-f8ba-4975-8b72-48db4c1ec821}</UniqueIdentifier>
    </Filter>
    <Filter Include="sys">
      <UniqueIdentifier>{13c3e023-180b-4061-ba72-3bda59317d3c}</UniqueIdentifier>
    </Filter>
    <Filter Include="sys\video">
      <UniqueIdentifier>{5d166a62-0b4c-4ba5-bed7-cc8833a33a9f}</UniqueIdentifier>
    </Filter>
    <Filter Include="sys\util">
      <UniqueIdentifier>{9877d9cc-4a79-445f-8d13-50e4c9c692d9}</UniqueIdentifier>
    </Filter>
    <Filter Include="sys\serializer">
      <UniqueIdentifier>{2be59cab-cef9-404f-91a1-56cf85d39124}</UniqueIdentifier>
    </Filter>
    <Filter Include="sys\action">
      <UniqueIdentifier>{9885789e-b076-422c-8ed3-4dd7ffe64a66}</UniqueIdentifier>
    </Filter>
    <Filter Include="sys\worker">
      <UniqueIdentifier>{aa663711-15bd-45d9-bc0b-c1a1abf12eb7}</UniqueIdentifier>
    </Filter>
    <Filter Include="sys\task">
      <UniqueIdentifier>{74f2fd11-ba69-42af-bcc9-6ee7eee7c927}</UniqueIdentifier>
    </Filter>
  </ItemGroup>
  <ItemGroup>
    <Text Include="TODO.txt" />
  </ItemGroup>
</Project>